
Microsoft Visual Studio Solution File, Format Version 12.00
# Visual Studio Version 17
VisualStudioVersion = 17.9.34714.143
MinimumVisualStudioVersion = 10.0.40219.1
Project("{FAE04EC0-301F-11D3-BF4B-00C04F79EFBC}") = "Group007_FinalProject", "Group007_FinalProject.csproj", "{51A71E4F-8568-4049-A455-8C741CE1B0F2}"
EndProject
Global
	GlobalSection(SolutionConfigurationPlatforms) = preSolution
		Debug|Any CPU = Debug|Any CPU
		Release|Any CPU = Release|Any CPU
	EndGlobalSection
	GlobalSection(ProjectConfigurationPlatforms) = postSolution
		{51A71E4F-8568-4049-A455-8C741CE1B0F2}.Debug|Any CPU.ActiveCfg = Debug|Any CPU
		{51A71E4F-8568-4049-A455-8C741CE1B0F2}.Debug|Any CPU.Build.0 = Debug|Any CPU
		{51A71E4F-8568-4049-A455-8C741CE1B0F2}.Release|Any CPU.ActiveCfg = Release|Any CPU
		{51A71E4F-8568-4049-A455-8C741CE1B0F2}.Release|Any CPU.Build.0 = Release|Any CPU
	EndGlobalSection
	GlobalSection(SolutionProperties) = preSolution
		HideSolutionNode = FALSE
	EndGlobalSection
	GlobalSection(ExtensibilityGlobals) = postSolution
		SolutionGuid = {61CF18D9-8C3A-4BC3-A75A-165182B49FB9}
	EndGlobalSection
EndGlobal
